// !$*UTF8*$!
{
	archiveVersion = 1;
	classes = {
	};
	objectVersion = 55;
	objects = {

/* Begin PBXBuildFile section */
		3BA18FED279129AE00E0B1F1 /* PhotosCollectionViewController.swift in Sources */ = {isa = PBXBuildFile; fileRef = 3BA18FEC279129AE00E0B1F1 /* PhotosCollectionViewController.swift */; };
		3BA18FEF2791474800E0B1F1 /* PhotoCollectionViewCell.swift in Sources */ = {isa = PBXBuildFile; fileRef = 3BA18FEE2791474800E0B1F1 /* PhotoCollectionViewCell.swift */; };
		3BA18FF1279153B300E0B1F1 /* FilterService.swift in Sources */ = {isa = PBXBuildFile; fileRef = 3BA18FF0279153B300E0B1F1 /* FilterService.swift */; };
		3BA18FF5279164BA00E0B1F1 /* TaskListViewController.swift in Sources */ = {isa = PBXBuildFile; fileRef = 3BA18FF4279164BA00E0B1F1 /* TaskListViewController.swift */; };
		3BD10BB72790609800867A34 /* AppDelegate.swift in Sources */ = {isa = PBXBuildFile; fileRef = 3BD10BB62790609800867A34 /* AppDelegate.swift */; };
		3BD10BB92790609800867A34 /* SceneDelegate.swift in Sources */ = {isa = PBXBuildFile; fileRef = 3BD10BB82790609800867A34 /* SceneDelegate.swift */; };
		3BD10BBB2790609800867A34 /* ViewController.swift in Sources */ = {isa = PBXBuildFile; fileRef = 3BD10BBA2790609800867A34 /* ViewController.swift */; };
		3BD10BBE2790609800867A34 /* Main.storyboard in Resources */ = {isa = PBXBuildFile; fileRef = 3BD10BBC2790609800867A34 /* Main.storyboard */; };
		3BD10BC02790609900867A34 /* Assets.xcassets in Resources */ = {isa = PBXBuildFile; fileRef = 3BD10BBF2790609900867A34 /* Assets.xcassets */; };
		3BD10BC32790609900867A34 /* LaunchScreen.storyboard in Resources */ = {isa = PBXBuildFile; fileRef = 3BD10BC12790609900867A34 /* LaunchScreen.storyboard */; };
		4FA6586DB1986452C2B02193 /* Pods_rxSwift_.framework in Frameworks */ = {isa = PBXBuildFile; fileRef = 6217FBE73ED3E456C9C9EE9D /* Pods_rxSwift_.framework */; };
/* End PBXBuildFile section */

/* Begin PBXFileReference section */
		3BA18FEC279129AE00E0B1F1 /* PhotosCollectionViewController.swift */ = {isa = PBXFileReference; lastKnownFileType = sourcecode.swift; path = PhotosCollectionViewController.swift; sourceTree = "<group>"; };
		3BA18FEE2791474800E0B1F1 /* PhotoCollectionViewCell.swift */ = {isa = PBXFileReference; lastKnownFileType = sourcecode.swift; path = PhotoCollectionViewCell.swift; sourceTree = "<group>"; };
		3BA18FF0279153B300E0B1F1 /* FilterService.swift */ = {isa = PBXFileReference; lastKnownFileType = sourcecode.swift; path = FilterService.swift; sourceTree = "<group>"; };
		3BA18FF22791573700E0B1F1 /* filtering operator.playground */ = {isa = PBXFileReference; lastKnownFileType = file.playground; name = "filtering operator.playground"; path = "../../filtering operator.playground"; sourceTree = "<group>"; xcLanguageSpecificationIdentifier = xcode.lang.swift; };
		3BA18FF4279164BA00E0B1F1 /* TaskListViewController.swift */ = {isa = PBXFileReference; lastKnownFileType = sourcecode.swift; path = TaskListViewController.swift; sourceTree = "<group>"; };
		3BD10BB32790609800867A34 /* rxSwift_.app */ = {isa = PBXFileReference; explicitFileType = wrapper.application; includeInIndex = 0; path = rxSwift_.app; sourceTree = BUILT_PRODUCTS_DIR; };
		3BD10BB62790609800867A34 /* AppDelegate.swift */ = {isa = PBXFileReference; lastKnownFileType = sourcecode.swift; path = AppDelegate.swift; sourceTree = "<group>"; };
		3BD10BB82790609800867A34 /* SceneDelegate.swift */ = {isa = PBXFileReference; lastKnownFileType = sourcecode.swift; path = SceneDelegate.swift; sourceTree = "<group>"; };
		3BD10BBA2790609800867A34 /* ViewController.swift */ = {isa = PBXFileReference; lastKnownFileType = sourcecode.swift; path = ViewController.swift; sourceTree = "<group>"; };
		3BD10BBD2790609800867A34 /* Base */ = {isa = PBXFileReference; lastKnownFileType = file.storyboard; name = Base; path = Base.lproj/Main.storyboard; sourceTree = "<group>"; };
		3BD10BBF2790609900867A34 /* Assets.xcassets */ = {isa = PBXFileReference; lastKnownFileType = folder.assetcatalog; path = Assets.xcassets; sourceTree = "<group>"; };
		3BD10BC22790609900867A34 /* Base */ = {isa = PBXFileReference; lastKnownFileType = file.storyboard; name = Base; path = Base.lproj/LaunchScreen.storyboard; sourceTree = "<group>"; };
		3BD10BC42790609900867A34 /* Info.plist */ = {isa = PBXFileReference; lastKnownFileType = text.plist.xml; path = Info.plist; sourceTree = "<group>"; };
		3BD10BCA2790612A00867A34 /* RxSwiftPlayGround.playground */ = {isa = PBXFileReference; lastKnownFileType = file.playground; path = RxSwiftPlayGround.playground; sourceTree = "<group>"; xcLanguageSpecificationIdentifier = xcode.lang.swift; };
		6217FBE73ED3E456C9C9EE9D /* Pods_rxSwift_.framework */ = {isa = PBXFileReference; explicitFileType = wrapper.framework; includeInIndex = 0; path = Pods_rxSwift_.framework; sourceTree = BUILT_PRODUCTS_DIR; };
		C00CBD17A06BEA8B4A57D011 /* Pods-rxSwift_.release.xcconfig */ = {isa = PBXFileReference; includeInIndex = 1; lastKnownFileType = text.xcconfig; name = "Pods-rxSwift_.release.xcconfig"; path = "Target Support Files/Pods-rxSwift_/Pods-rxSwift_.release.xcconfig"; sourceTree = "<group>"; };
		D7B5BAF6E4B78DD5491A103D /* Pods-rxSwift_.debug.xcconfig */ = {isa = PBXFileReference; includeInIndex = 1; lastKnownFileType = text.xcconfig; name = "Pods-rxSwift_.debug.xcconfig"; path = "Target Support Files/Pods-rxSwift_/Pods-rxSwift_.debug.xcconfig"; sourceTree = "<group>"; };
/* End PBXFileReference section */

/* Begin PBXFrameworksBuildPhase section */
		3BD10BB02790609800867A34 /* Frameworks */ = {
			isa = PBXFrameworksBuildPhase;
			buildActionMask = 2147483647;
			files = (
				4FA6586DB1986452C2B02193 /* Pods_rxSwift_.framework in Frameworks */,
			);
			runOnlyForDeploymentPostprocessing = 0;
		};
/* End PBXFrameworksBuildPhase section */

/* Begin PBXGroup section */
		3BA18FF3279164A600E0B1F1 /* Controllers */ = {
			isa = PBXGroup;
			children = (
				3BD10BBA2790609800867A34 /* ViewController.swift */,
				3BA18FF4279164BA00E0B1F1 /* TaskListViewController.swift */,
				3BA18FEC279129AE00E0B1F1 /* PhotosCollectionViewController.swift */,
			);
			path = Controllers;
			sourceTree = "<group>";
		};
		3BD10BAA2790609800867A34 = {
			isa = PBXGroup;
			children = (
				3BD10BB52790609800867A34 /* rxSwift_ */,
				3BD10BB42790609800867A34 /* Products */,
				83C97124F25AFB0E51C38C4C /* Pods */,
				91DD5194523AA5666DC41A15 /* Frameworks */,
			);
			sourceTree = "<group>";
		};
		3BD10BB42790609800867A34 /* Products */ = {
			isa = PBXGroup;
			children = (
				3BD10BB32790609800867A34 /* rxSwift_.app */,
			);
			name = Products;
			sourceTree = "<group>";
		};
		3BD10BB52790609800867A34 /* rxSwift_ */ = {
			isa = PBXGroup;
			children = (
				3BD10BCA2790612A00867A34 /* RxSwiftPlayGround.playground */,
				3BA18FF22791573700E0B1F1 /* filtering operator.playground */,
				3BA18FF3279164A600E0B1F1 /* Controllers */,
				3BD10BB62790609800867A34 /* AppDelegate.swift */,
				3BD10BB82790609800867A34 /* SceneDelegate.swift */,
				3BD10BBC2790609800867A34 /* Main.storyboard */,
				3BD10BBF2790609900867A34 /* Assets.xcassets */,
				3BD10BC12790609900867A34 /* LaunchScreen.storyboard */,
				3BD10BC42790609900867A34 /* Info.plist */,
				3BA18FEE2791474800E0B1F1 /* PhotoCollectionViewCell.swift */,
				3BA18FF0279153B300E0B1F1 /* FilterService.swift */,
			);
			path = rxSwift_;
			sourceTree = "<group>";
		};
		83C97124F25AFB0E51C38C4C /* Pods */ = {
			isa = PBXGroup;
			children = (
				D7B5BAF6E4B78DD5491A103D /* Pods-rxSwift_.debug.xcconfig */,
				C00CBD17A06BEA8B4A57D011 /* Pods-rxSwift_.release.xcconfig */,
			);
			path = Pods;
			sourceTree = "<group>";
		};
		91DD5194523AA5666DC41A15 /* Frameworks */ = {
			isa = PBXGroup;
			children = (
				6217FBE73ED3E456C9C9EE9D /* Pods_rxSwift_.framework */,
			);
			name = Frameworks;
			sourceTree = "<group>";
		};
/* End PBXGroup section */

/* Begin PBXNativeTarget section */
		3BD10BB22790609800867A34 /* rxSwift_ */ = {
			isa = PBXNativeTarget;
			buildConfigurationList = 3BD10BC72790609900867A34 /* Build configuration list for PBXNativeTarget "rxSwift_" */;
			buildPhases = (
				A1AE61A04D29D042625CF8FF /* [CP] Check Pods Manifest.lock */,
				3BD10BAF2790609800867A34 /* Sources */,
				3BD10BB02790609800867A34 /* Frameworks */,
				3BD10BB12790609800867A34 /* Resources */,
				169C66ADE603C4D33C41C28C /* [CP] Embed Pods Frameworks */,
			);
			buildRules = (
			);
			dependencies = (
			);
			name = rxSwift_;
			productName = rxSwift_;
			productReference = 3BD10BB32790609800867A34 /* rxSwift_.app */;
			productType = "com.apple.product-type.application";
		};
/* End PBXNativeTarget section */

/* Begin PBXProject section */
		3BD10BAB2790609800867A34 /* Project object */ = {
			isa = PBXProject;
			attributes = {
				BuildIndependentTargetsInParallel = 1;
				LastSwiftUpdateCheck = 1300;
				LastUpgradeCheck = 1300;
				TargetAttributes = {
					3BD10BB22790609800867A34 = {
						CreatedOnToolsVersion = 13.0;
					};
				};
			};
			buildConfigurationList = 3BD10BAE2790609800867A34 /* Build configuration list for PBXProject "rxSwift_" */;
			compatibilityVersion = "Xcode 13.0";
			developmentRegion = en;
			hasScannedForEncodings = 0;
			knownRegions = (
				en,
				Base,
			);
			mainGroup = 3BD10BAA2790609800867A34;
			productRefGroup = 3BD10BB42790609800867A34 /* Products */;
			projectDirPath = "";
			projectRoot = "";
			targets = (
				3BD10BB22790609800867A34 /* rxSwift_ */,
			);
		};
/* End PBXProject section */

/* Begin PBXResourcesBuildPhase section */
		3BD10BB12790609800867A34 /* Resources */ = {
			isa = PBXResourcesBuildPhase;
			buildActionMask = 2147483647;
			files = (
				3BD10BC32790609900867A34 /* LaunchScreen.storyboard in Resources */,
				3BD10BC02790609900867A34 /* Assets.xcassets in Resources */,
				3BD10BBE2790609800867A34 /* Main.storyboard in Resources */,
			);
			runOnlyForDeploymentPostprocessing = 0;
		};
/* End PBXResourcesBuildPhase section */

/* Begin PBXShellScriptBuildPhase section */
		169C66ADE603C4D33C41C28C /* [CP] Embed Pods Frameworks */ = {
			isa = PBXShellScriptBuildPhase;
			buildActionMask = 2147483647;
			files = (
			);
			inputFileListPaths = (
				"${PODS_ROOT}/Target Support Files/Pods-rxSwift_/Pods-rxSwift_-frameworks-${CONFIGURATION}-input-files.xcfilelist",
			);
			name = "[CP] Embed Pods Frameworks";
			outputFileListPaths = (
				"${PODS_ROOT}/Target Support Files/Pods-rxSwift_/Pods-rxSwift_-frameworks-${CONFIGURATION}-output-files.xcfilelist",
			);
			runOnlyForDeploymentPostprocessing = 0;
			shellPath = /bin/sh;
			shellScript = "\"${PODS_ROOT}/Target Support Files/Pods-rxSwift_/Pods-rxSwift_-frameworks.sh\"\n";
			showEnvVarsInLog = 0;
		};
		A1AE61A04D29D042625CF8FF /* [CP] Check Pods Manifest.lock */ = {
			isa = PBXShellScriptBuildPhase;
			buildActionMask = 2147483647;
			files = (
			);
			inputFileListPaths = (
			);
			inputPaths = (
				"${PODS_PODFILE_DIR_PATH}/Podfile.lock",
				"${PODS_ROOT}/Manifest.lock",
			);
			name = "[CP] Check Pods Manifest.lock";
			outputFileListPaths = (
			);
			outputPaths = (
				"$(DERIVED_FILE_DIR)/Pods-rxSwift_-checkManifestLockResult.txt",
			);
			runOnlyForDeploymentPostprocessing = 0;
			shellPath = /bin/sh;
			shellScript = "diff \"${PODS_PODFILE_DIR_PATH}/Podfile.lock\" \"${PODS_ROOT}/Manifest.lock\" > /dev/null\nif [ $? != 0 ] ; then\n    # print error to STDERR\n    echo \"error: The sandbox is not in sync with the Podfile.lock. Run 'pod install' or update your CocoaPods installation.\" >&2\n    exit 1\nfi\n# This output is used by Xcode 'outputs' to avoid re-running this script phase.\necho \"SUCCESS\" > \"${SCRIPT_OUTPUT_FILE_0}\"\n";
			showEnvVarsInLog = 0;
		};
/* End PBXShellScriptBuildPhase section */

/* Begin PBXSourcesBuildPhase section */
		3BD10BAF2790609800867A34 /* Sources */ = {
			isa = PBXSourcesBuildPhase;
			buildActionMask = 2147483647;
			files = (
				3BA18FF5279164BA00E0B1F1 /* TaskListViewController.swift in Sources */,
				3BD10BBB2790609800867A34 /* ViewController.swift in Sources */,
				3BA18FEF2791474800E0B1F1 /* PhotoCollectionViewCell.swift in Sources */,
				3BD10BB72790609800867A34 /* AppDelegate.swift in Sources */,
				3BA18FF1279153B300E0B1F1 /* FilterService.swift in Sources */,
				3BD10BB92790609800867A34 /* SceneDelegate.swift in Sources */,
				3BA18FED279129AE00E0B1F1 /* PhotosCollectionViewController.swift in Sources */,
			);
			runOnlyForDeploymentPostprocessing = 0;
		};
/* End PBXSourcesBuildPhase section */

/* Begin PBXVariantGroup section */
		3BD10BBC2790609800867A34 /* Main.storyboard */ = {
			isa = PBXVariantGroup;
			children = (
				3BD10BBD2790609800867A34 /* Base */,
			);
			name = Main.storyboard;
			sourceTree = "<group>";
		};
		3BD10BC12790609900867A34 /* LaunchScreen.storyboard */ = {
			isa = PBXVariantGroup;
			children = (
				3BD10BC22790609900867A34 /* Base */,
			);
			name = LaunchScreen.storyboard;
			sourceTree = "<group>";
		};
/* End PBXVariantGroup section */

/* Begin XCBuildConfiguration section */
		3BD10BC52790609900867A34 /* Debug */ = {
			isa = XCBuildConfiguration;
			buildSettings = {
				ALWAYS_SEARCH_USER_PATHS = NO;
				CLANG_ANALYZER_NONNULL = YES;
				CLANG_ANALYZER_NUMBER_OBJECT_CONVERSION = YES_AGGRESSIVE;
				CLANG_CXX_LANGUAGE_STANDARD = "gnu++17";
				CLANG_CXX_LIBRARY = "libc++";
				CLANG_ENABLE_MODULES = YES;
				CLANG_ENABLE_OBJC_ARC = YES;
				CLANG_ENABLE_OBJC_WEAK = YES;
				CLANG_WARN_BLOCK_CAPTURE_AUTORELEASING = YES;
				CLANG_WARN_BOOL_CONVERSION = YES;
				CLANG_WARN_COMMA = YES;
				CLANG_WARN_CONSTANT_CONVERSION = YES;
				CLANG_WARN_DEPRECATED_OBJC_IMPLEMENTATIONS = YES;
				CLANG_WARN_DIRECT_OBJC_ISA_USAGE = YES_ERROR;
				CLANG_WARN_DOCUMENTATION_COMMENTS = YES;
				CLANG_WARN_EMPTY_BODY = YES;
				CLANG_WARN_ENUM_CONVERSION = YES;
				CLANG_WARN_INFINITE_RECURSION = YES;
				CLANG_WARN_INT_CONVERSION = YES;
				CLANG_WARN_NON_LITERAL_NULL_CONVERSION = YES;
				CLANG_WARN_OBJC_IMPLICIT_RETAIN_SELF = YES;
				CLANG_WARN_OBJC_LITERAL_CONVERSION = YES;
				CLANG_WARN_OBJC_ROOT_CLASS = YES_ERROR;
				CLANG_WARN_QUOTED_INCLUDE_IN_FRAMEWORK_HEADER = YES;
				CLANG_WARN_RANGE_LOOP_ANALYSIS = YES;
				CLANG_WARN_STRICT_PROTOTYPES = YES;
				CLANG_WARN_SUSPICIOUS_MOVE = YES;
				CLANG_WARN_UNGUARDED_AVAILABILITY = YES_AGGRESSIVE;
				CLANG_WARN_UNREACHABLE_CODE = YES;
				CLANG_WARN__DUPLICATE_METHOD_MATCH = YES;
				COPY_PHASE_STRIP = NO;
				DEBUG_INFORMATION_FORMAT = dwarf;
				ENABLE_STRICT_OBJC_MSGSEND = YES;
				ENABLE_TESTABILITY = YES;
				GCC_C_LANGUAGE_STANDARD = gnu11;
				GCC_DYNAMIC_NO_PIC = NO;
				GCC_NO_COMMON_BLOCKS = YES;
				GCC_OPTIMIZATION_LEVEL = 0;
				GCC_PREPROCESSOR_DEFINITIONS = (
					"DEBUG=1",
					"$(inherited)",
				);
				GCC_WARN_64_TO_32_BIT_CONVERSION = YES;
				GCC_WARN_ABOUT_RETURN_TYPE = YES_ERROR;
				GCC_WARN_UNDECLARED_SELECTOR = YES;
				GCC_WARN_UNINITIALIZED_AUTOS = YES_AGGRESSIVE;
				GCC_WARN_UNUSED_FUNCTION = YES;
				GCC_WARN_UNUSED_VARIABLE = YES;
				IPHONEOS_DEPLOYMENT_TARGET = 15.0;
				MTL_ENABLE_DEBUG_INFO = INCLUDE_SOURCE;
				MTL_FAST_MATH = YES;
				ONLY_ACTIVE_ARCH = YES;
				SDKROOT = iphoneos;
				SWIFT_ACTIVE_COMPILATION_CONDITIONS = DEBUG;
				SWIFT_OPTIMIZATION_LEVEL = "-Onone";
			};
			name = Debug;
		};
		3BD10BC62790609900867A34 /* Release */ = {
			isa = XCBuildConfiguration;
			buildSettings = {
				ALWAYS_SEARCH_USER_PATHS = NO;
				CLANG_ANALYZER_NONNULL = YES;
				CLANG_ANALYZER_NUMBER_OBJECT_CONVERSION = YES_AGGRESSIVE;
				CLANG_CXX_LANGUAGE_STANDARD = "gnu++17";
				CLANG_CXX_LIBRARY = "libc++";
				CLANG_ENABLE_MODULES = YES;
				CLANG_ENABLE_OBJC_ARC = YES;
				CLANG_ENABLE_OBJC_WEAK = YES;
				CLANG_WARN_BLOCK_CAPTURE_AUTORELEASING = YES;
				CLANG_WARN_BOOL_CONVERSION = YES;
				CLANG_WARN_COMMA = YES;
				CLANG_WARN_CONSTANT_CONVERSION = YES;
				CLANG_WARN_DEPRECATED_OBJC_IMPLEMENTATIONS = YES;
				CLANG_WARN_DIRECT_OBJC_ISA_USAGE = YES_ERROR;
				CLANG_WARN_DOCUMENTATION_COMMENTS = YES;
				CLANG_WARN_EMPTY_BODY = YES;
				CLANG_WARN_ENUM_CONVERSION = YES;
				CLANG_WARN_INFINITE_RECURSION = YES;
				CLANG_WARN_INT_CONVERSION = YES;
				CLANG_WARN_NON_LITERAL_NULL_CONVERSION = YES;
				CLANG_WARN_OBJC_IMPLICIT_RETAIN_SELF = YES;
				CLANG_WARN_OBJC_LITERAL_CONVERSION = YES;
				CLANG_WARN_OBJC_ROOT_CLASS = YES_ERROR;
				CLANG_WARN_QUOTED_INCLUDE_IN_FRAMEWORK_HEADER = YES;
				CLANG_WARN_RANGE_LOOP_ANALYSIS = YES;
				CLANG_WARN_STRICT_PROTOTYPES = YES;
				CLANG_WARN_SUSPICIOUS_MOVE = YES;
				CLANG_WARN_UNGUARDED_AVAILABILITY = YES_AGGRESSIVE;
				CLANG_WARN_UNREACHABLE_CODE = YES;
				CLANG_WARN__DUPLICATE_METHOD_MATCH = YES;
				COPY_PHASE_STRIP = NO;
				DEBUG_INFORMATION_FORMAT = "dwarf-with-dsym";
				ENABLE_NS_ASSERTIONS = NO;
				ENABLE_STRICT_OBJC_MSGSEND = YES;
				GCC_C_LANGUAGE_STANDARD = gnu11;
				GCC_NO_COMMON_BLOCKS = YES;
				GCC_WARN_64_TO_32_BIT_CONVERSION = YES;
				GCC_WARN_ABOUT_RETURN_TYPE = YES_ERROR;
				GCC_WARN_UNDECLARED_SELECTOR = YES;
				GCC_WARN_UNINITIALIZED_AUTOS = YES_AGGRESSIVE;
				GCC_WARN_UNUSED_FUNCTION = YES;
				GCC_WARN_UNUSED_VARIABLE = YES;
				IPHONEOS_DEPLOYMENT_TARGET = 15.0;
				MTL_ENABLE_DEBUG_INFO = NO;
				MTL_FAST_MATH = YES;
				SDKROOT = iphoneos;
				SWIFT_COMPILATION_MODE = wholemodule;
				SWIFT_OPTIMIZATION_LEVEL = "-O";
				VALIDATE_PRODUCT = YES;
			};
			name = Release;
		};
		3BD10BC82790609900867A34 /* Debug */ = {
			isa = XCBuildConfiguration;
			baseConfigurationReference = D7B5BAF6E4B78DD5491A103D /* Pods-rxSwift_.debug.xcconfig */;
			buildSettings = {
				ASSETCATALOG_COMPILER_APPICON_NAME = AppIcon;
				ASSETCATALOG_COMPILER_GLOBAL_ACCENT_COLOR_NAME = AccentColor;
				CODE_SIGN_STYLE = Automatic;
				CURRENT_PROJECT_VERSION = 1;
				DEVELOPMENT_TEAM = H5PD3P95F5;
				GENERATE_INFOPLIST_FILE = YES;
				INFOPLIST_FILE = rxSwift_/Info.plist;
				INFOPLIST_KEY_UIApplicationSupportsIndirectInputEvents = YES;
				INFOPLIST_KEY_UILaunchStoryboardName = LaunchScreen;
				INFOPLIST_KEY_UIMainStoryboardFile = Main;
				INFOPLIST_KEY_UISupportedInterfaceOrientations_iPad = "UIInterfaceOrientationPortrait UIInterfaceOrientationPortraitUpsideDown UIInterfaceOrientationLandscapeLeft UIInterfaceOrientationLandscapeRight";
				INFOPLIST_KEY_UISupportedInterfaceOrientations_iPhone = "UIInterfaceOrientationPortrait UIInterfaceOrientationLandscapeLeft UIInterfaceOrientationLandscapeRight";
				LD_RUNPATH_SEARCH_PATHS = (
					"$(inherited)",
					"@executable_path/Frameworks",
				);
				MARKETING_VERSION = 1.0;
				PRODUCT_BUNDLE_IDENTIFIER = "com.leehankyu.rxSwift-";
				PRODUCT_NAME = "$(TARGET_NAME)";
				SWIFT_EMIT_LOC_STRINGS = YES;
				SWIFT_VERSION = 5.0;
				TARGETED_DEVICE_FAMILY = "1,2";
			};
			name = Debug;
		};
		3BD10BC92790609900867A34 /* Release */ = {
			isa = XCBuildConfiguration;
			baseConfigurationReference = C00CBD17A06BEA8B4A57D011 /* Pods-rxSwift_.release.xcconfig */;
			buildSettings = {
				ASSETCATALOG_COMPILER_APPICON_NAME = AppIcon;
				ASSETCATALOG_COMPILER_GLOBAL_ACCENT_COLOR_NAME = AccentColor;
				CODE_SIGN_STYLE = Automatic;
				CURRENT_PROJECT_VERSION = 1;
				DEVELOPMENT_TEAM = H5PD3P95F5;
				GENERATE_INFOPLIST_FILE = YES;
				INFOPLIST_FILE = rxSwift_/Info.plist;
				INFOPLIST_KEY_UIApplicationSupportsIndirectInputEvents = YES;
				INFOPLIST_KEY_UILaunchStoryboardName = LaunchScreen;
				INFOPLIST_KEY_UIMainStoryboardFile = Main;
				INFOPLIST_KEY_UISupportedInterfaceOrientations_iPad = "UIInterfaceOrientationPortrait UIInterfaceOrientationPortraitUpsideDown UIInterfaceOrientationLandscapeLeft UIInterfaceOrientationLandscapeRight";
				INFOPLIST_KEY_UISupportedInterfaceOrientations_iPhone = "UIInterfaceOrientationPortrait UIInterfaceOrientationLandscapeLeft UIInterfaceOrientationLandscapeRight";
				LD_RUNPATH_SEARCH_PATHS = (
					"$(inherited)",
					"@executable_path/Frameworks",
				);
				MARKETING_VERSION = 1.0;
				PRODUCT_BUNDLE_IDENTIFIER = "com.leehankyu.rxSwift-";
				PRODUCT_NAME = "$(TARGET_NAME)";
				SWIFT_EMIT_LOC_STRINGS = YES;
				SWIFT_VERSION = 5.0;
				TARGETED_DEVICE_FAMILY = "1,2";
			};
			name = Release;
		};
/* End XCBuildConfiguration section */

/* Begin XCConfigurationList section */
		3BD10BAE2790609800867A34 /* Build configuration list for PBXProject "rxSwift_" */ = {
			isa = XCConfigurationList;
			buildConfigurations = (
				3BD10BC52790609900867A34 /* Debug */,
				3BD10BC62790609900867A34 /* Release */,
			);
			defaultConfigurationIsVisible = 0;
			defaultConfigurationName = Release;
		};
		3BD10BC72790609900867A34 /* Build configuration list for PBXNativeTarget "rxSwift_" */ = {
			isa = XCConfigurationList;
			buildConfigurations = (
				3BD10BC82790609900867A34 /* Debug */,
				3BD10BC92790609900867A34 /* Release */,
			);
			defaultConfigurationIsVisible = 0;
			defaultConfigurationName = Release;
		};
/* End XCConfigurationList section */
	};
	rootObject = 3BD10BAB2790609800867A34 /* Project object */;
}
